// !$*UTF8*$!
{
	archiveVersion = 1;
	classes = {
	};
	objectVersion = 56;
	objects = {

/* Begin PBXBuildFile section */
		7B229D672C8A132B00323193 /* AppetizersApp.swift in Sources */ = {isa = PBXBuildFile; fileRef = 7B229D662C8A132B00323193 /* AppetizersApp.swift */; };
		7B229D692C8A132B00323193 /* AppetizerTabView.swift in Sources */ = {isa = PBXBuildFile; fileRef = 7B229D682C8A132B00323193 /* AppetizerTabView.swift */; };
		7B229D6B2C8A132C00323193 /* Assets.xcassets in Resources */ = {isa = PBXBuildFile; fileRef = 7B229D6A2C8A132C00323193 /* Assets.xcassets */; };
		7B229D6E2C8A132C00323193 /* Preview Assets.xcassets in Resources */ = {isa = PBXBuildFile; fileRef = 7B229D6D2C8A132C00323193 /* Preview Assets.xcassets */; };
		7B229D752C8A15E100323193 /* AppetizerListView.swift in Sources */ = {isa = PBXBuildFile; fileRef = 7B229D742C8A15E100323193 /* AppetizerListView.swift */; };
		7B229D772C8A15E900323193 /* OrderView.swift in Sources */ = {isa = PBXBuildFile; fileRef = 7B229D762C8A15E900323193 /* OrderView.swift */; };
		7B229D792C8A15F600323193 /* AccountView.swift in Sources */ = {isa = PBXBuildFile; fileRef = 7B229D782C8A15F600323193 /* AccountView.swift */; };
		7B229D7D2C8A1B5700323193 /* Appetizer.swift in Sources */ = {isa = PBXBuildFile; fileRef = 7B229D7C2C8A1B5700323193 /* Appetizer.swift */; };
		7B229D7F2C8A1FF000323193 /* AppetizerListCell.swift in Sources */ = {isa = PBXBuildFile; fileRef = 7B229D7E2C8A1FF000323193 /* AppetizerListCell.swift */; };
		7B229D812C8A20CD00323193 /* NetworkManager.swift in Sources */ = {isa = PBXBuildFile; fileRef = 7B229D802C8A20CD00323193 /* NetworkManager.swift */; };
		7B229D832C8A21A800323193 /* APError.swift in Sources */ = {isa = PBXBuildFile; fileRef = 7B229D822C8A21A800323193 /* APError.swift */; };
		7B229D852C8A3C5B00323193 /* AppetizerListViewModel.swift in Sources */ = {isa = PBXBuildFile; fileRef = 7B229D842C8A3C5B00323193 /* AppetizerListViewModel.swift */; };
		7B229D872C8A3DCE00323193 /* Alert.swift in Sources */ = {isa = PBXBuildFile; fileRef = 7B229D862C8A3DCD00323193 /* Alert.swift */; };
		7B229D892C8A418300323193 /* LoadingView.swift in Sources */ = {isa = PBXBuildFile; fileRef = 7B229D882C8A418300323193 /* LoadingView.swift */; };
		7B229D8B2C8A423900323193 /* Color + Ext.swift in Sources */ = {isa = PBXBuildFile; fileRef = 7B229D8A2C8A423900323193 /* Color + Ext.swift */; };
		7B229DD42C8B792C00323193 /* RemoteImage.swift in Sources */ = {isa = PBXBuildFile; fileRef = 7B229DD32C8B792C00323193 /* RemoteImage.swift */; };
		7B229DE52C8B808A00323193 /* AppetizerDetailView.swift in Sources */ = {isa = PBXBuildFile; fileRef = 7B229DE42C8B808A00323193 /* AppetizerDetailView.swift */; };
		7B229DE82C8B8D5D00323193 /* APButton.swift in Sources */ = {isa = PBXBuildFile; fileRef = 7B229DE72C8B8D5D00323193 /* APButton.swift */; };
		7B229DEA2C8B8E0900323193 /* XDismissButton.swift in Sources */ = {isa = PBXBuildFile; fileRef = 7B229DE92C8B8E0900323193 /* XDismissButton.swift */; };
		7B5D6A8E2C8C59B9002095BE /* AccountViewModel.swift in Sources */ = {isa = PBXBuildFile; fileRef = 7B5D6A8D2C8C59B9002095BE /* AccountViewModel.swift */; };
		7B5D6A902C8C5AF3002095BE /* String + Ext.swift in Sources */ = {isa = PBXBuildFile; fileRef = 7B5D6A8F2C8C5AF3002095BE /* String + Ext.swift */; };
		7B5D6A922C8C5E45002095BE /* User.swift in Sources */ = {isa = PBXBuildFile; fileRef = 7B5D6A912C8C5E45002095BE /* User.swift */; };
		7B5D6A952C8C6CB4002095BE /* EmptyState.swift in Sources */ = {isa = PBXBuildFile; fileRef = 7B5D6A942C8C6CB4002095BE /* EmptyState.swift */; };
		7B5D6A972C8C7072002095BE /* Order.swift in Sources */ = {isa = PBXBuildFile; fileRef = 7B5D6A962C8C7072002095BE /* Order.swift */; };
		7B5D6A992C8C78C4002095BE /* CustomModifiers.swift in Sources */ = {isa = PBXBuildFile; fileRef = 7B5D6A982C8C78C4002095BE /* CustomModifiers.swift */; };
/* End PBXBuildFile section */

/* Begin PBXFileReference section */
		7B229D632C8A132B00323193 /* Appetizers.app */ = {isa = PBXFileReference; explicitFileType = wrapper.application; includeInIndex = 0; path = Appetizers.app; sourceTree = BUILT_PRODUCTS_DIR; };
		7B229D662C8A132B00323193 /* AppetizersApp.swift */ = {isa = PBXFileReference; lastKnownFileType = sourcecode.swift; path = AppetizersApp.swift; sourceTree = "<group>"; };
		7B229D682C8A132B00323193 /* AppetizerTabView.swift */ = {isa = PBXFileReference; lastKnownFileType = sourcecode.swift; path = AppetizerTabView.swift; sourceTree = "<group>"; };
		7B229D6A2C8A132C00323193 /* Assets.xcassets */ = {isa = PBXFileReference; lastKnownFileType = folder.assetcatalog; path = Assets.xcassets; sourceTree = "<group>"; };
		7B229D6D2C8A132C00323193 /* Preview Assets.xcassets */ = {isa = PBXFileReference; lastKnownFileType = folder.assetcatalog; path = "Preview Assets.xcassets"; sourceTree = "<group>"; };
		7B229D742C8A15E100323193 /* AppetizerListView.swift */ = {isa = PBXFileReference; lastKnownFileType = sourcecode.swift; path = AppetizerListView.swift; sourceTree = "<group>"; };
		7B229D762C8A15E900323193 /* OrderView.swift */ = {isa = PBXFileReference; lastKnownFileType = sourcecode.swift; path = OrderView.swift; sourceTree = "<group>"; };
		7B229D782C8A15F600323193 /* AccountView.swift */ = {isa = PBXFileReference; lastKnownFileType = sourcecode.swift; path = AccountView.swift; sourceTree = "<group>"; };
		7B229D7C2C8A1B5700323193 /* Appetizer.swift */ = {isa = PBXFileReference; lastKnownFileType = sourcecode.swift; path = Appetizer.swift; sourceTree = "<group>"; };
		7B229D7E2C8A1FF000323193 /* AppetizerListCell.swift */ = {isa = PBXFileReference; lastKnownFileType = sourcecode.swift; path = AppetizerListCell.swift; sourceTree = "<group>"; };
		7B229D802C8A20CD00323193 /* NetworkManager.swift */ = {isa = PBXFileReference; lastKnownFileType = sourcecode.swift; path = NetworkManager.swift; sourceTree = "<group>"; };
		7B229D822C8A21A800323193 /* APError.swift */ = {isa = PBXFileReference; lastKnownFileType = sourcecode.swift; path = APError.swift; sourceTree = "<group>"; };
		7B229D842C8A3C5B00323193 /* AppetizerListViewModel.swift */ = {isa = PBXFileReference; lastKnownFileType = sourcecode.swift; path = AppetizerListViewModel.swift; sourceTree = "<group>"; };
		7B229D862C8A3DCD00323193 /* Alert.swift */ = {isa = PBXFileReference; lastKnownFileType = sourcecode.swift; path = Alert.swift; sourceTree = "<group>"; };
		7B229D882C8A418300323193 /* LoadingView.swift */ = {isa = PBXFileReference; lastKnownFileType = sourcecode.swift; path = LoadingView.swift; sourceTree = "<group>"; };
		7B229D8A2C8A423900323193 /* Color + Ext.swift */ = {isa = PBXFileReference; lastKnownFileType = sourcecode.swift; path = "Color + Ext.swift"; sourceTree = "<group>"; };
		7B229DD32C8B792C00323193 /* RemoteImage.swift */ = {isa = PBXFileReference; lastKnownFileType = sourcecode.swift; path = RemoteImage.swift; sourceTree = "<group>"; };
		7B229DE42C8B808A00323193 /* AppetizerDetailView.swift */ = {isa = PBXFileReference; lastKnownFileType = sourcecode.swift; path = AppetizerDetailView.swift; sourceTree = "<group>"; };
		7B229DE72C8B8D5D00323193 /* APButton.swift */ = {isa = PBXFileReference; lastKnownFileType = sourcecode.swift; path = APButton.swift; sourceTree = "<group>"; };
		7B229DE92C8B8E0900323193 /* XDismissButton.swift */ = {isa = PBXFileReference; lastKnownFileType = sourcecode.swift; path = XDismissButton.swift; sourceTree = "<group>"; };
		7B5D6A8D2C8C59B9002095BE /* AccountViewModel.swift */ = {isa = PBXFileReference; lastKnownFileType = sourcecode.swift; path = AccountViewModel.swift; sourceTree = "<group>"; };
		7B5D6A8F2C8C5AF3002095BE /* String + Ext.swift */ = {isa = PBXFileReference; lastKnownFileType = sourcecode.swift; path = "String + Ext.swift"; sourceTree = "<group>"; };
		7B5D6A912C8C5E45002095BE /* User.swift */ = {isa = PBXFileReference; lastKnownFileType = sourcecode.swift; path = User.swift; sourceTree = "<group>"; };
		7B5D6A942C8C6CB4002095BE /* EmptyState.swift */ = {isa = PBXFileReference; lastKnownFileType = sourcecode.swift; path = EmptyState.swift; sourceTree = "<group>"; };
		7B5D6A962C8C7072002095BE /* Order.swift */ = {isa = PBXFileReference; lastKnownFileType = sourcecode.swift; path = Order.swift; sourceTree = "<group>"; };
		7B5D6A982C8C78C4002095BE /* CustomModifiers.swift */ = {isa = PBXFileReference; lastKnownFileType = sourcecode.swift; path = CustomModifiers.swift; sourceTree = "<group>"; };
/* End PBXFileReference section */

/* Begin PBXFrameworksBuildPhase section */
		7B229D602C8A132B00323193 /* Frameworks */ = {
			isa = PBXFrameworksBuildPhase;
			buildActionMask = 2147483647;
			files = (
			);
			runOnlyForDeploymentPostprocessing = 0;
		};
/* End PBXFrameworksBuildPhase section */

/* Begin PBXGroup section */
		7B229D5A2C8A132B00323193 = {
			isa = PBXGroup;
			children = (
				7B229D652C8A132B00323193 /* Appetizers */,
				7B229D642C8A132B00323193 /* Products */,
			);
			sourceTree = "<group>";
		};
		7B229D642C8A132B00323193 /* Products */ = {
			isa = PBXGroup;
			children = (
				7B229D632C8A132B00323193 /* Appetizers.app */,
			);
			name = Products;
			sourceTree = "<group>";
		};
		7B229D652C8A132B00323193 /* Appetizers */ = {
			isa = PBXGroup;
			children = (
				7B229D662C8A132B00323193 /* AppetizersApp.swift */,
				7B229DDD2C8B7EB600323193 /* Model */,
				7B229DDA2C8B7E4B00323193 /* Utilities */,
				7B229DDE2C8B7EE400323193 /* Views */,
				7B229D7B2C8A160B00323193 /* Screens */,
				7B229D6A2C8A132C00323193 /* Assets.xcassets */,
				7B229D6C2C8A132C00323193 /* Preview Content */,
			);
			path = Appetizers;
			sourceTree = "<group>";
		};
		7B229D6C2C8A132C00323193 /* Preview Content */ = {
			isa = PBXGroup;
			children = (
				7B229D6D2C8A132C00323193 /* Preview Assets.xcassets */,
			);
			path = "Preview Content";
			sourceTree = "<group>";
		};
		7B229D7B2C8A160B00323193 /* Screens */ = {
			isa = PBXGroup;
			children = (
				7B229D682C8A132B00323193 /* AppetizerTabView.swift */,
				7B229DD72C8B7E1500323193 /* AppetizerListView */,
				7B229DD82C8B7E3300323193 /* AccountView */,
				7B229DD62C8B7E0600323193 /* OrderView */,
			);
			path = Screens;
			sourceTree = "<group>";
		};
		7B229DD62C8B7E0600323193 /* OrderView */ = {
			isa = PBXGroup;
			children = (
				7B229D762C8A15E900323193 /* OrderView.swift */,
			);
			path = OrderView;
			sourceTree = "<group>";
		};
		7B229DD72C8B7E1500323193 /* AppetizerListView */ = {
			isa = PBXGroup;
			children = (
				7B229D742C8A15E100323193 /* AppetizerListView.swift */,
				7B229D842C8A3C5B00323193 /* AppetizerListViewModel.swift */,
				7B229DE42C8B808A00323193 /* AppetizerDetailView.swift */,
			);
			path = AppetizerListView;
			sourceTree = "<group>";
		};
		7B229DD82C8B7E3300323193 /* AccountView */ = {
			isa = PBXGroup;
			children = (
				7B229D782C8A15F600323193 /* AccountView.swift */,
				7B5D6A8D2C8C59B9002095BE /* AccountViewModel.swift */,
			);
			path = AccountView;
			sourceTree = "<group>";
		};
		7B229DD92C8B7E3E00323193 /* Managers */ = {
			isa = PBXGroup;
			children = (
				7B229D802C8A20CD00323193 /* NetworkManager.swift */,
			);
			path = Managers;
			sourceTree = "<group>";
		};
		7B229DDA2C8B7E4B00323193 /* Utilities */ = {
			isa = PBXGroup;
			children = (
				7B229DDC2C8B7E8400323193 /* Alerts */,
				7B229DDB2C8B7E7600323193 /* Extensions */,
				7B229DD92C8B7E3E00323193 /* Managers */,
			);
			path = Utilities;
			sourceTree = "<group>";
		};
		7B229DDB2C8B7E7600323193 /* Extensions */ = {
			isa = PBXGroup;
			children = (
				7B229D8A2C8A423900323193 /* Color + Ext.swift */,
				7B5D6A8F2C8C5AF3002095BE /* String + Ext.swift */,
			);
			path = Extensions;
			sourceTree = "<group>";
		};
		7B229DDC2C8B7E8400323193 /* Alerts */ = {
			isa = PBXGroup;
			children = (
				7B229D822C8A21A800323193 /* APError.swift */,
				7B229D862C8A3DCD00323193 /* Alert.swift */,
			);
			path = Alerts;
			sourceTree = "<group>";
		};
		7B229DDD2C8B7EB600323193 /* Model */ = {
			isa = PBXGroup;
			children = (
				7B229D7C2C8A1B5700323193 /* Appetizer.swift */,
				7B5D6A962C8C7072002095BE /* Order.swift */,
				7B5D6A912C8C5E45002095BE /* User.swift */,
			);
			path = Model;
			sourceTree = "<group>";
		};
		7B229DDE2C8B7EE400323193 /* Views */ = {
			isa = PBXGroup;
			children = (
				7B5D6A932C8C6C9F002095BE /* Empty States */,
				7B229DE62C8B8D4F00323193 /* Buttons */,
				7B229DE12C8B7F0F00323193 /* Image */,
				7B229DE02C8B7EF000323193 /* UIKit Components */,
				7B229DDF2C8B7EEB00323193 /* Cells */,
			);
			path = Views;
			sourceTree = "<group>";
		};
		7B229DDF2C8B7EEB00323193 /* Cells */ = {
			isa = PBXGroup;
			children = (
				7B229D7E2C8A1FF000323193 /* AppetizerListCell.swift */,
			);
			path = Cells;
			sourceTree = "<group>";
		};
		7B229DE02C8B7EF000323193 /* UIKit Components */ = {
			isa = PBXGroup;
			children = (
				7B229D882C8A418300323193 /* LoadingView.swift */,
				7B5D6A982C8C78C4002095BE /* CustomModifiers.swift */,
			);
			path = "UIKit Components";
			sourceTree = "<group>";
		};
		7B229DE12C8B7F0F00323193 /* Image */ = {
			isa = PBXGroup;
			children = (
				7B229DD32C8B792C00323193 /* RemoteImage.swift */,
			);
			path = Image;
			sourceTree = "<group>";
		};
		7B229DE62C8B8D4F00323193 /* Buttons */ = {
			isa = PBXGroup;
			children = (
				7B229DE72C8B8D5D00323193 /* APButton.swift */,
				7B229DE92C8B8E0900323193 /* XDismissButton.swift */,
			);
			path = Buttons;
			sourceTree = "<group>";
		};
		7B5D6A932C8C6C9F002095BE /* Empty States */ = {
			isa = PBXGroup;
			children = (
				7B5D6A942C8C6CB4002095BE /* EmptyState.swift */,
			);
			path = "Empty States";
			sourceTree = "<group>";
		};
/* End PBXGroup section */

/* Begin PBXNativeTarget section */
		7B229D622C8A132B00323193 /* Appetizers */ = {
			isa = PBXNativeTarget;
			buildConfigurationList = 7B229D712C8A132C00323193 /* Build configuration list for PBXNativeTarget "Appetizers" */;
			buildPhases = (
				7B229D5F2C8A132B00323193 /* Sources */,
				7B229D602C8A132B00323193 /* Frameworks */,
				7B229D612C8A132B00323193 /* Resources */,
			);
			buildRules = (
			);
			dependencies = (
			);
			name = Appetizers;
			productName = Appetizers;
			productReference = 7B229D632C8A132B00323193 /* Appetizers.app */;
			productType = "com.apple.product-type.application";
		};
/* End PBXNativeTarget section */

/* Begin PBXProject section */
		7B229D5B2C8A132B00323193 /* Project object */ = {
			isa = PBXProject;
			attributes = {
				BuildIndependentTargetsInParallel = 1;
				LastSwiftUpdateCheck = 1540;
				LastUpgradeCheck = 1540;
				TargetAttributes = {
					7B229D622C8A132B00323193 = {
						CreatedOnToolsVersion = 15.4;
					};
				};
			};
			buildConfigurationList = 7B229D5E2C8A132B00323193 /* Build configuration list for PBXProject "Appetizers" */;
			compatibilityVersion = "Xcode 14.0";
			developmentRegion = en;
			hasScannedForEncodings = 0;
			knownRegions = (
				en,
				Base,
			);
			mainGroup = 7B229D5A2C8A132B00323193;
			productRefGroup = 7B229D642C8A132B00323193 /* Products */;
			projectDirPath = "";
			projectRoot = "";
			targets = (
				7B229D622C8A132B00323193 /* Appetizers */,
			);
		};
/* End PBXProject section */

/* Begin PBXResourcesBuildPhase section */
		7B229D612C8A132B00323193 /* Resources */ = {
			isa = PBXResourcesBuildPhase;
			buildActionMask = 2147483647;
			files = (
				7B229D6E2C8A132C00323193 /* Preview Assets.xcassets in Resources */,
				7B229D6B2C8A132C00323193 /* Assets.xcassets in Resources */,
			);
			runOnlyForDeploymentPostprocessing = 0;
		};
/* End PBXResourcesBuildPhase section */

/* Begin PBXSourcesBuildPhase section */
		7B229D5F2C8A132B00323193 /* Sources */ = {
			isa = PBXSourcesBuildPhase;
			buildActionMask = 2147483647;
			files = (
				7B229D7D2C8A1B5700323193 /* Appetizer.swift in Sources */,
				7B229D832C8A21A800323193 /* APError.swift in Sources */,
				7B229DEA2C8B8E0900323193 /* XDismissButton.swift in Sources */,
				7B229D7F2C8A1FF000323193 /* AppetizerListCell.swift in Sources */,
				7B5D6A972C8C7072002095BE /* Order.swift in Sources */,
				7B5D6A8E2C8C59B9002095BE /* AccountViewModel.swift in Sources */,
				7B229D852C8A3C5B00323193 /* AppetizerListViewModel.swift in Sources */,
				7B229D692C8A132B00323193 /* AppetizerTabView.swift in Sources */,
				7B5D6A902C8C5AF3002095BE /* String + Ext.swift in Sources */,
				7B5D6A922C8C5E45002095BE /* User.swift in Sources */,
				7B229D892C8A418300323193 /* LoadingView.swift in Sources */,
				7B229DE82C8B8D5D00323193 /* APButton.swift in Sources */,
				7B229D772C8A15E900323193 /* OrderView.swift in Sources */,
				7B229D812C8A20CD00323193 /* NetworkManager.swift in Sources */,
				7B229D672C8A132B00323193 /* AppetizersApp.swift in Sources */,
				7B229DD42C8B792C00323193 /* RemoteImage.swift in Sources */,
				7B5D6A952C8C6CB4002095BE /* EmptyState.swift in Sources */,
				7B229DE52C8B808A00323193 /* AppetizerDetailView.swift in Sources */,
				7B229D872C8A3DCE00323193 /* Alert.swift in Sources */,
				7B229D8B2C8A423900323193 /* Color + Ext.swift in Sources */,
				7B5D6A992C8C78C4002095BE /* CustomModifiers.swift in Sources */,
				7B229D752C8A15E100323193 /* AppetizerListView.swift in Sources */,
				7B229D792C8A15F600323193 /* AccountView.swift in Sources */,
			);
			runOnlyForDeploymentPostprocessing = 0;
		};
/* End PBXSourcesBuildPhase section */

/* Begin XCBuildConfiguration section */
		7B229D6F2C8A132C00323193 /* Debug */ = {
			isa = XCBuildConfiguration;
			buildSettings = {
				ALWAYS_SEARCH_USER_PATHS = NO;
				ASSETCATALOG_COMPILER_GENERATE_SWIFT_ASSET_SYMBOL_EXTENSIONS = YES;
				CLANG_ANALYZER_NONNULL = YES;
				CLANG_ANALYZER_NUMBER_OBJECT_CONVERSION = YES_AGGRESSIVE;
				CLANG_CXX_LANGUAGE_STANDARD = "gnu++20";
				CLANG_ENABLE_MODULES = YES;
				CLANG_ENABLE_OBJC_ARC = YES;
				CLANG_ENABLE_OBJC_WEAK = YES;
				CLANG_WARN_BLOCK_CAPTURE_AUTORELEASING = YES;
				CLANG_WARN_BOOL_CONVERSION = YES;
				CLANG_WARN_COMMA = YES;
				CLANG_WARN_CONSTANT_CONVERSION = YES;
				CLANG_WARN_DEPRECATED_OBJC_IMPLEMENTATIONS = YES;
				CLANG_WARN_DIRECT_OBJC_ISA_USAGE = YES_ERROR;
				CLANG_WARN_DOCUMENTATION_COMMENTS = YES;
				CLANG_WARN_EMPTY_BODY = YES;
				CLANG_WARN_ENUM_CONVERSION = YES;
				CLANG_WARN_INFINITE_RECURSION = YES;
				CLANG_WARN_INT_CONVERSION = YES;
				CLANG_WARN_NON_LITERAL_NULL_CONVERSION = YES;
				CLANG_WARN_OBJC_IMPLICIT_RETAIN_SELF = YES;
				CLANG_WARN_OBJC_LITERAL_CONVERSION = YES;
				CLANG_WARN_OBJC_ROOT_CLASS = YES_ERROR;
				CLANG_WARN_QUOTED_INCLUDE_IN_FRAMEWORK_HEADER = YES;
				CLANG_WARN_RANGE_LOOP_ANALYSIS = YES;
				CLANG_WARN_STRICT_PROTOTYPES = YES;
				CLANG_WARN_SUSPICIOUS_MOVE = YES;
				CLANG_WARN_UNGUARDED_AVAILABILITY = YES_AGGRESSIVE;
				CLANG_WARN_UNREACHABLE_CODE = YES;
				CLANG_WARN__DUPLICATE_METHOD_MATCH = YES;
				COPY_PHASE_STRIP = NO;
				DEBUG_INFORMATION_FORMAT = dwarf;
				ENABLE_STRICT_OBJC_MSGSEND = YES;
				ENABLE_TESTABILITY = YES;
				ENABLE_USER_SCRIPT_SANDBOXING = YES;
				GCC_C_LANGUAGE_STANDARD = gnu17;
				GCC_DYNAMIC_NO_PIC = NO;
				GCC_NO_COMMON_BLOCKS = YES;
				GCC_OPTIMIZATION_LEVEL = 0;
				GCC_PREPROCESSOR_DEFINITIONS = (
					"DEBUG=1",
					"$(inherited)",
				);
				GCC_WARN_64_TO_32_BIT_CONVERSION = YES;
				GCC_WARN_ABOUT_RETURN_TYPE = YES_ERROR;
				GCC_WARN_UNDECLARED_SELECTOR = YES;
				GCC_WARN_UNINITIALIZED_AUTOS = YES_AGGRESSIVE;
				GCC_WARN_UNUSED_FUNCTION = YES;
				GCC_WARN_UNUSED_VARIABLE = YES;
				IPHONEOS_DEPLOYMENT_TARGET = 15.0;
				LOCALIZATION_PREFERS_STRING_CATALOGS = YES;
				MTL_ENABLE_DEBUG_INFO = INCLUDE_SOURCE;
				MTL_FAST_MATH = YES;
				ONLY_ACTIVE_ARCH = YES;
				SDKROOT = iphoneos;
				SWIFT_ACTIVE_COMPILATION_CONDITIONS = "DEBUG $(inherited)";
				SWIFT_OPTIMIZATION_LEVEL = "-Onone";
			};
			name = Debug;
		};
		7B229D702C8A132C00323193 /* Release */ = {
			isa = XCBuildConfiguration;
			buildSettings = {
				ALWAYS_SEARCH_USER_PATHS = NO;
				ASSETCATALOG_COMPILER_GENERATE_SWIFT_ASSET_SYMBOL_EXTENSIONS = YES;
				CLANG_ANALYZER_NONNULL = YES;
				CLANG_ANALYZER_NUMBER_OBJECT_CONVERSION = YES_AGGRESSIVE;
				CLANG_CXX_LANGUAGE_STANDARD = "gnu++20";
				CLANG_ENABLE_MODULES = YES;
				CLANG_ENABLE_OBJC_ARC = YES;
				CLANG_ENABLE_OBJC_WEAK = YES;
				CLANG_WARN_BLOCK_CAPTURE_AUTORELEASING = YES;
				CLANG_WARN_BOOL_CONVERSION = YES;
				CLANG_WARN_COMMA = YES;
				CLANG_WARN_CONSTANT_CONVERSION = YES;
				CLANG_WARN_DEPRECATED_OBJC_IMPLEMENTATIONS = YES;
				CLANG_WARN_DIRECT_OBJC_ISA_USAGE = YES_ERROR;
				CLANG_WARN_DOCUMENTATION_COMMENTS = YES;
				CLANG_WARN_EMPTY_BODY = YES;
				CLANG_WARN_ENUM_CONVERSION = YES;
				CLANG_WARN_INFINITE_RECURSION = YES;
				CLANG_WARN_INT_CONVERSION = YES;
				CLANG_WARN_NON_LITERAL_NULL_CONVERSION = YES;
				CLANG_WARN_OBJC_IMPLICIT_RETAIN_SELF = YES;
				CLANG_WARN_OBJC_LITERAL_CONVERSION = YES;
				CLANG_WARN_OBJC_ROOT_CLASS = YES_ERROR;
				CLANG_WARN_QUOTED_INCLUDE_IN_FRAMEWORK_HEADER = YES;
				CLANG_WARN_RANGE_LOOP_ANALYSIS = YES;
				CLANG_WARN_STRICT_PROTOTYPES = YES;
				CLANG_WARN_SUSPICIOUS_MOVE = YES;
				CLANG_WARN_UNGUARDED_AVAILABILITY = YES_AGGRESSIVE;
				CLANG_WARN_UNREACHABLE_CODE = YES;
				CLANG_WARN__DUPLICATE_METHOD_MATCH = YES;
				COPY_PHASE_STRIP = NO;
				DEBUG_INFORMATION_FORMAT = "dwarf-with-dsym";
				ENABLE_NS_ASSERTIONS = NO;
				ENABLE_STRICT_OBJC_MSGSEND = YES;
				ENABLE_USER_SCRIPT_SANDBOXING = YES;
				GCC_C_LANGUAGE_STANDARD = gnu17;
				GCC_NO_COMMON_BLOCKS = YES;
				GCC_WARN_64_TO_32_BIT_CONVERSION = YES;
				GCC_WARN_ABOUT_RETURN_TYPE = YES_ERROR;
				GCC_WARN_UNDECLARED_SELECTOR = YES;
				GCC_WARN_UNINITIALIZED_AUTOS = YES_AGGRESSIVE;
				GCC_WARN_UNUSED_FUNCTION = YES;
				GCC_WARN_UNUSED_VARIABLE = YES;
				IPHONEOS_DEPLOYMENT_TARGET = 15.0;
				LOCALIZATION_PREFERS_STRING_CATALOGS = YES;
				MTL_ENABLE_DEBUG_INFO = NO;
				MTL_FAST_MATH = YES;
				SDKROOT = iphoneos;
				SWIFT_COMPILATION_MODE = wholemodule;
				VALIDATE_PRODUCT = YES;
			};
			name = Release;
		};
		7B229D722C8A132C00323193 /* Debug */ = {
			isa = XCBuildConfiguration;
			buildSettings = {
				ASSETCATALOG_COMPILER_APPICON_NAME = AppIcon;
				ASSETCATALOG_COMPILER_GLOBAL_ACCENT_COLOR_NAME = AccentColor;
				CODE_SIGN_STYLE = Automatic;
				CURRENT_PROJECT_VERSION = 1;
				DEVELOPMENT_ASSET_PATHS = "\"Appetizers/Preview Content\"";
				ENABLE_PREVIEWS = YES;
				GENERATE_INFOPLIST_FILE = YES;
				INFOPLIST_KEY_CFBundleDisplayName = Appetizers;
				INFOPLIST_KEY_UIApplicationSceneManifest_Generation = YES;
				INFOPLIST_KEY_UIApplicationSupportsIndirectInputEvents = YES;
				INFOPLIST_KEY_UILaunchScreen_Generation = YES;
				INFOPLIST_KEY_UISupportedInterfaceOrientations_iPad = "UIInterfaceOrientationPortrait UIInterfaceOrientationPortraitUpsideDown UIInterfaceOrientationLandscapeLeft UIInterfaceOrientationLandscapeRight";
				INFOPLIST_KEY_UISupportedInterfaceOrientations_iPhone = "UIInterfaceOrientationPortrait UIInterfaceOrientationLandscapeLeft UIInterfaceOrientationLandscapeRight";
				LD_RUNPATH_SEARCH_PATHS = (
					"$(inherited)",
					"@executable_path/Frameworks",
				);
				MARKETING_VERSION = 1.0;
				PRODUCT_BUNDLE_IDENTIFIER = iseedeadpeople.Appetizers;
				PRODUCT_NAME = "$(TARGET_NAME)";
				SUPPORTED_PLATFORMS = "iphoneos iphonesimulator";
				SUPPORTS_MACCATALYST = NO;
				SUPPORTS_MAC_DESIGNED_FOR_IPHONE_IPAD = NO;
				SUPPORTS_XR_DESIGNED_FOR_IPHONE_IPAD = NO;
				SWIFT_EMIT_LOC_STRINGS = YES;
				SWIFT_VERSION = 5.0;
				TARGETED_DEVICE_FAMILY = 1;
			};
			name = Debug;
		};
		7B229D732C8A132C00323193 /* Release */ = {
			isa = XCBuildConfiguration;
			buildSettings = {
				ASSETCATALOG_COMPILER_APPICON_NAME = AppIcon;
				ASSETCATALOG_COMPILER_GLOBAL_ACCENT_COLOR_NAME = AccentColor;
				CODE_SIGN_STYLE = Automatic;
				CURRENT_PROJECT_VERSION = 1;
				DEVELOPMENT_ASSET_PATHS = "\"Appetizers/Preview Content\"";
				ENABLE_PREVIEWS = YES;
				GENERATE_INFOPLIST_FILE = YES;
				INFOPLIST_KEY_CFBundleDisplayName = Appetizers;
				INFOPLIST_KEY_UIApplicationSceneManifest_Generation = YES;
				INFOPLIST_KEY_UIApplicationSupportsIndirectInputEvents = YES;
				INFOPLIST_KEY_UILaunchScreen_Generation = YES;
				INFOPLIST_KEY_UISupportedInterfaceOrientations_iPad = "UIInterfaceOrientationPortrait UIInterfaceOrientationPortraitUpsideDown UIInterfaceOrientationLandscapeLeft UIInterfaceOrientationLandscapeRight";
				INFOPLIST_KEY_UISupportedInterfaceOrientations_iPhone = "UIInterfaceOrientationPortrait UIInterfaceOrientationLandscapeLeft UIInterfaceOrientationLandscapeRight";
				LD_RUNPATH_SEARCH_PATHS = (
					"$(inherited)",
					"@executable_path/Frameworks",
				);
				MARKETING_VERSION = 1.0;
				PRODUCT_BUNDLE_IDENTIFIER = iseedeadpeople.Appetizers;
				PRODUCT_NAME = "$(TARGET_NAME)";
				SUPPORTED_PLATFORMS = "iphoneos iphonesimulator";
				SUPPORTS_MACCATALYST = NO;
				SUPPORTS_MAC_DESIGNED_FOR_IPHONE_IPAD = NO;
				SUPPORTS_XR_DESIGNED_FOR_IPHONE_IPAD = NO;
				SWIFT_EMIT_LOC_STRINGS = YES;
				SWIFT_VERSION = 5.0;
				TARGETED_DEVICE_FAMILY = 1;
			};
			name = Release;
		};
/* End XCBuildConfiguration section */

/* Begin XCConfigurationList section */
		7B229D5E2C8A132B00323193 /* Build configuration list for PBXProject "Appetizers" */ = {
			isa = XCConfigurationList;
			buildConfigurations = (
				7B229D6F2C8A132C00323193 /* Debug */,
				7B229D702C8A132C00323193 /* Release */,
			);
			defaultConfigurationIsVisible = 0;
			defaultConfigurationName = Release;
		};
		7B229D712C8A132C00323193 /* Build configuration list for PBXNativeTarget "Appetizers" */ = {
			isa = XCConfigurationList;
			buildConfigurations = (
				7B229D722C8A132C00323193 /* Debug */,
				7B229D732C8A132C00323193 /* Release */,
			);
			defaultConfigurationIsVisible = 0;
			defaultConfigurationName = Release;
		};
/* End XCConfigurationList section */
	};
	rootObject = 7B229D5B2C8A132B00323193 /* Project object */;
}
